
Microsoft Visual Studio Solution File, Format Version 12.00
# Visual Studio Version 17
VisualStudioVersion = 17.7.34024.191
MinimumVisualStudioVersion = 10.0.40219.1
Project("{FAE04EC0-301F-11D3-BF4B-00C04F79EFBC}") = "Assignment5", "Assignment5\Assignment5.csproj", "{0FD26394-9B30-4D23-B72D-25DA5AA57355}"
EndProject
Project("{FAE04EC0-301F-11D3-BF4B-00C04F79EFBC}") = "Assignment5TryItPage", "Assignment5TryItPage\Assignment5TryItPage.csproj", "{DFAC7B9D-9B3D-4A52-AB8C-A66B420FEC41}"
	ProjectSection(ProjectDependencies) = postProject
		{0FD26394-9B30-4D23-B72D-25DA5AA57355} = {0FD26394-9B30-4D23-B72D-25DA5AA57355}
	EndProjectSection
EndProject
Global
	GlobalSection(SolutionConfigurationPlatforms) = preSolution
		Debug|Any CPU = Debug|Any CPU
		Release|Any CPU = Release|Any CPU
	EndGlobalSection
	GlobalSection(ProjectConfigurationPlatforms) = postSolution
		{0FD26394-9B30-4D23-B72D-25DA5AA57355}.Debug|Any CPU.ActiveCfg = Debug|Any CPU
		{0FD26394-9B30-4D23-B72D-25DA5AA57355}.Debug|Any CPU.Build.0 = Debug|Any CPU
		{0FD26394-9B30-4D23-B72D-25DA5AA57355}.Release|Any CPU.ActiveCfg = Release|Any CPU
		{0FD26394-9B30-4D23-B72D-25DA5AA57355}.Release|Any CPU.Build.0 = Release|Any CPU
		{DFAC7B9D-9B3D-4A52-AB8C-A66B420FEC41}.Debug|Any CPU.ActiveCfg = Debug|Any CPU
		{DFAC7B9D-9B3D-4A52-AB8C-A66B420FEC41}.Debug|Any CPU.Build.0 = Debug|Any CPU
		{DFAC7B9D-9B3D-4A52-AB8C-A66B420FEC41}.Release|Any CPU.ActiveCfg = Release|Any CPU
		{DFAC7B9D-9B3D-4A52-AB8C-A66B420FEC41}.Release|Any CPU.Build.0 = Release|Any CPU
	EndGlobalSection
	GlobalSection(SolutionProperties) = preSolution
		HideSolutionNode = FALSE
	EndGlobalSection
	GlobalSection(ExtensibilityGlobals) = postSolution
		SolutionGuid = {A4852951-F4ED-4A11-9E7C-14E950B451D6}
	EndGlobalSection
EndGlobal
